{
  "name": "addm.cpp",
  "version": "1.0.1",
  "lockfileVersion": 2,
  "requires": true,
  "packages": {
    "": {
      "name": "addm.cpp",
      "version": "1.0.1",
      "license": "GPL",
      "devDependencies": {
        "@jakegoldm/doxygen-awesome-css": "github:jakegoldm/doxygen-awesome-css"
      }
    },
    "node_modules/@jakegoldm/doxygen-awesome-css": {
      "version": "2.3.2",
      "resolved": "git+ssh://git@github.com/jakegoldm/doxygen-awesome-css.git#ab2cf27468f5a8633e58df9de8ec6397fdf0994b",
      "dev": true,
      "license": "MIT"
    }
  },
  "dependencies": {
    "@jakegoldm/doxygen-awesome-css": {
      "version": "git+ssh://git@github.com/jakegoldm/doxygen-awesome-css.git#ab2cf27468f5a8633e58df9de8ec6397fdf0994b",
      "dev": true,
      "from": "@jakegoldm/doxygen-awesome-css@github:jakegoldm/doxygen-awesome-css"
    }
  }
}
